
Microsoft Visual Studio Solution File, Format Version 12.00
# Visual Studio Version 17
VisualStudioVersion = 17.3.32922.545
MinimumVisualStudioVersion = 10.0.40219.1
Project("{FAE04EC0-301F-11D3-BF4B-00C04F79EFBC}") = "WindowsFormsApp1", "WindowsFormsApp1\WindowsFormsApp1.csproj", "{0303EE9F-31D8-48FA-B019-0A4269F4ED36}"
EndProject
Global
	GlobalSection(SolutionConfigurationPlatforms) = preSolution
		Debug|Any CPU = Debug|Any CPU
		Release|Any CPU = Release|Any CPU
	EndGlobalSection
	GlobalSection(ProjectConfigurationPlatforms) = postSolution
		{0303EE9F-31D8-48FA-B019-0A4269F4ED36}.Debug|Any CPU.ActiveCfg = Debug|Any CPU
		{0303EE9F-31D8-48FA-B019-0A4269F4ED36}.Debug|Any CPU.Build.0 = Debug|Any CPU
		{0303EE9F-31D8-48FA-B019-0A4269F4ED36}.Release|Any CPU.ActiveCfg = Release|Any CPU
		{0303EE9F-31D8-48FA-B019-0A4269F4ED36}.Release|Any CPU.Build.0 = Release|Any CPU
	EndGlobalSection
	GlobalSection(SolutionProperties) = preSolution
		HideSolutionNode = FALSE
	EndGlobalSection
	GlobalSection(ExtensibilityGlobals) = postSolution
		SolutionGuid = {3B2D12F7-0F44-421F-A560-EF51E6B43035}
	EndGlobalSection
EndGlobal
